PODS:
  - DynUI (0.1.2):
    - RxBlocking (~> 2.0)
    - RxCocoa (~> 2.0)
    - RxSwift (~> 2.0)
    - SuperSerial
  - RxBlocking (2.4):
    - RxSwift (~> 2.4)
  - RxCocoa (2.4):
    - RxSwift (~> 2.4)
  - RxSwift (2.4)
  - SuperSerial (0.1.8)

DEPENDENCIES:
  - DynUI (from `../`)
  - SuperSerial

EXTERNAL SOURCES:
  DynUI:
    :path: "../"

SPEC CHECKSUMS:
  DynUI: d029fe21a1d6036ca8e0d80f5e665d95940cd8e5
  RxBlocking: 1226c1fa0ca1e0ca5f964d4330ca3649f2128680
  RxCocoa: 7d6cd877de99f5640306b3d6cf87f580c1d91b61
  RxSwift: 67b9ef4e8b34fb394e200e754c6a09cc16559f94
  SuperSerial: 880e45ab50f0efbc5397fa2aa79bb86d8827c875

PODFILE CHECKSUM: 9b57d488324038bd7409bf36aa60f873d808e131

COCOAPODS: 1.0.0.beta.8
